// !$*UTF8*$!
{
	archiveVersion = 1;
	classes = {
	};
	objectVersion = 55;
	objects = {

/* Begin PBXBuildFile section */
		062839A999F782B900228156 /* Pods_Poops.framework in Frameworks */ = {isa = PBXBuildFile; fileRef = 1C8CC99C3168E0190C005E06 /* Pods_Poops.framework */; };
		C2F0DE192765A703004DC51A /* PoopsApp.swift in Sources */ = {isa = PBXBuildFile; fileRef = C2F0DE182765A703004DC51A /* PoopsApp.swift */; };
		C2F0DE1B2765A703004DC51A /* ContentView.swift in Sources */ = {isa = PBXBuildFile; fileRef = C2F0DE1A2765A703004DC51A /* ContentView.swift */; };
		C2F0DE1D2765A704004DC51A /* Assets.xcassets in Resources */ = {isa = PBXBuildFile; fileRef = C2F0DE1C2765A704004DC51A /* Assets.xcassets */; };
		C2F0DE202765A704004DC51A /* Preview Assets.xcassets in Resources */ = {isa = PBXBuildFile; fileRef = C2F0DE1F2765A704004DC51A /* Preview Assets.xcassets */; };
		C2F0DE2A2765A704004DC51A /* PoopsTests.swift in Sources */ = {isa = PBXBuildFile; fileRef = C2F0DE292765A704004DC51A /* PoopsTests.swift */; };
		C2F0DE342765A704004DC51A /* PoopsUITests.swift in Sources */ = {isa = PBXBuildFile; fileRef = C2F0DE332765A704004DC51A /* PoopsUITests.swift */; };
		C2F0DE362765A704004DC51A /* PoopsUITestsLaunchTests.swift in Sources */ = {isa = PBXBuildFile; fileRef = C2F0DE352765A704004DC51A /* PoopsUITestsLaunchTests.swift */; };
		D6E62C52FAF87367F56A574C /* Pods_Poops_PoopsUITests.framework in Frameworks */ = {isa = PBXBuildFile; fileRef = 9DA5F08CCC3EA0C3BF9059C8 /* Pods_Poops_PoopsUITests.framework */; };
		E1C63ECBD80293B572EF97E8 /* Pods_PoopsTests.framework in Frameworks */ = {isa = PBXBuildFile; fileRef = 20C38383B18E198DD06BA9D3 /* Pods_PoopsTests.framework */; };
/* End PBXBuildFile section */

/* Begin PBXContainerItemProxy section */
		C2F0DE262765A704004DC51A /* PBXContainerItemProxy */ = {
			isa = PBXContainerItemProxy;
			containerPortal = C2F0DE0D2765A703004DC51A /* Project object */;
			proxyType = 1;
			remoteGlobalIDString = C2F0DE142765A703004DC51A;
			remoteInfo = Poops;
		};
		C2F0DE302765A704004DC51A /* PBXContainerItemProxy */ = {
			isa = PBXContainerItemProxy;
			containerPortal = C2F0DE0D2765A703004DC51A /* Project object */;
			proxyType = 1;
			remoteGlobalIDString = C2F0DE142765A703004DC51A;
			remoteInfo = Poops;
		};
/* End PBXContainerItemProxy section */

/* Begin PBXFileReference section */
		1C8CC99C3168E0190C005E06 /* Pods_Poops.framework */ = {isa = PBXFileReference; explicitFileType = wrapper.framework; includeInIndex = 0; path = Pods_Poops.framework; sourceTree = BUILT_PRODUCTS_DIR; };
		20C38383B18E198DD06BA9D3 /* Pods_PoopsTests.framework */ = {isa = PBXFileReference; explicitFileType = wrapper.framework; includeInIndex = 0; path = Pods_PoopsTests.framework; sourceTree = BUILT_PRODUCTS_DIR; };
		6E253EE9753D14CB24FF0438 /* Pods-Poops-PoopsUITests.debug.xcconfig */ = {isa = PBXFileReference; includeInIndex = 1; lastKnownFileType = text.xcconfig; name = "Pods-Poops-PoopsUITests.debug.xcconfig"; path = "Target Support Files/Pods-Poops-PoopsUITests/Pods-Poops-PoopsUITests.debug.xcconfig"; sourceTree = "<group>"; };
		844CF85F5882A1DF19F166C4 /* Pods-PoopsTests.release.xcconfig */ = {isa = PBXFileReference; includeInIndex = 1; lastKnownFileType = text.xcconfig; name = "Pods-PoopsTests.release.xcconfig"; path = "Target Support Files/Pods-PoopsTests/Pods-PoopsTests.release.xcconfig"; sourceTree = "<group>"; };
		99E571762FD1782986850BD0 /* Pods-Poops.release.xcconfig */ = {isa = PBXFileReference; includeInIndex = 1; lastKnownFileType = text.xcconfig; name = "Pods-Poops.release.xcconfig"; path = "Target Support Files/Pods-Poops/Pods-Poops.release.xcconfig"; sourceTree = "<group>"; };
		9DA5F08CCC3EA0C3BF9059C8 /* Pods_Poops_PoopsUITests.framework */ = {isa = PBXFileReference; explicitFileType = wrapper.framework; includeInIndex = 0; path = Pods_Poops_PoopsUITests.framework; sourceTree = BUILT_PRODUCTS_DIR; };
		A23887A899F9623E70C69B35 /* Pods-PoopsTests.debug.xcconfig */ = {isa = PBXFileReference; includeInIndex = 1; lastKnownFileType = text.xcconfig; name = "Pods-PoopsTests.debug.xcconfig"; path = "Target Support Files/Pods-PoopsTests/Pods-PoopsTests.debug.xcconfig"; sourceTree = "<group>"; };
		C2F0DE152765A703004DC51A /* Poops.app */ = {isa = PBXFileReference; explicitFileType = wrapper.application; includeInIndex = 0; path = Poops.app; sourceTree = BUILT_PRODUCTS_DIR; };
		C2F0DE182765A703004DC51A /* PoopsApp.swift */ = {isa = PBXFileReference; lastKnownFileType = sourcecode.swift; path = PoopsApp.swift; sourceTree = "<group>"; };
		C2F0DE1A2765A703004DC51A /* ContentView.swift */ = {isa = PBXFileReference; lastKnownFileType = sourcecode.swift; path = ContentView.swift; sourceTree = "<group>"; };
		C2F0DE1C2765A704004DC51A /* Assets.xcassets */ = {isa = PBXFileReference; lastKnownFileType = folder.assetcatalog; path = Assets.xcassets; sourceTree = "<group>"; };
		C2F0DE1F2765A704004DC51A /* Preview Assets.xcassets */ = {isa = PBXFileReference; lastKnownFileType = folder.assetcatalog; path = "Preview Assets.xcassets"; sourceTree = "<group>"; };
		C2F0DE252765A704004DC51A /* PoopsTests.xctest */ = {isa = PBXFileReference; explicitFileType = wrapper.cfbundle; includeInIndex = 0; path = PoopsTests.xctest; sourceTree = BUILT_PRODUCTS_DIR; };
		C2F0DE292765A704004DC51A /* PoopsTests.swift */ = {isa = PBXFileReference; lastKnownFileType = sourcecode.swift; path = PoopsTests.swift; sourceTree = "<group>"; };
		C2F0DE2F2765A704004DC51A /* PoopsUITests.xctest */ = {isa = PBXFileReference; explicitFileType = wrapper.cfbundle; includeInIndex = 0; path = PoopsUITests.xctest; sourceTree = BUILT_PRODUCTS_DIR; };
		C2F0DE332765A704004DC51A /* PoopsUITests.swift */ = {isa = PBXFileReference; lastKnownFileType = sourcecode.swift; path = PoopsUITests.swift; sourceTree = "<group>"; };
		C2F0DE352765A704004DC51A /* PoopsUITestsLaunchTests.swift */ = {isa = PBXFileReference; lastKnownFileType = sourcecode.swift; path = PoopsUITestsLaunchTests.swift; sourceTree = "<group>"; };
		DF85648C78ED0F07A4DD615F /* Pods-Poops.debug.xcconfig */ = {isa = PBXFileReference; includeInIndex = 1; lastKnownFileType = text.xcconfig; name = "Pods-Poops.debug.xcconfig"; path = "Target Support Files/Pods-Poops/Pods-Poops.debug.xcconfig"; sourceTree = "<group>"; };
		FCA33B3DED81060BD35D52A1 /* Pods-Poops-PoopsUITests.release.xcconfig */ = {isa = PBXFileReference; includeInIndex = 1; lastKnownFileType = text.xcconfig; name = "Pods-Poops-PoopsUITests.release.xcconfig"; path = "Target Support Files/Pods-Poops-PoopsUITests/Pods-Poops-PoopsUITests.release.xcconfig"; sourceTree = "<group>"; };
/* End PBXFileReference section */

/* Begin PBXFrameworksBuildPhase section */
		C2F0DE122765A703004DC51A /* Frameworks */ = {
			isa = PBXFrameworksBuildPhase;
			buildActionMask = 2147483647;
			files = (
				062839A999F782B900228156 /* Pods_Poops.framework in Frameworks */,
			);
			runOnlyForDeploymentPostprocessing = 0;
		};
		C2F0DE222765A704004DC51A /* Frameworks */ = {
			isa = PBXFrameworksBuildPhase;
			buildActionMask = 2147483647;
			files = (
				E1C63ECBD80293B572EF97E8 /* Pods_PoopsTests.framework in Frameworks */,
			);
			runOnlyForDeploymentPostprocessing = 0;
		};
		C2F0DE2C2765A704004DC51A /* Frameworks */ = {
			isa = PBXFrameworksBuildPhase;
			buildActionMask = 2147483647;
			files = (
				D6E62C52FAF87367F56A574C /* Pods_Poops_PoopsUITests.framework in Frameworks */,
			);
			runOnlyForDeploymentPostprocessing = 0;
		};
/* End PBXFrameworksBuildPhase section */

/* Begin PBXGroup section */
		ADF5DCC0CE7F6DE142109ADA /* Frameworks */ = {
			isa = PBXGroup;
			children = (
				1C8CC99C3168E0190C005E06 /* Pods_Poops.framework */,
				9DA5F08CCC3EA0C3BF9059C8 /* Pods_Poops_PoopsUITests.framework */,
				20C38383B18E198DD06BA9D3 /* Pods_PoopsTests.framework */,
			);
			name = Frameworks;
			sourceTree = "<group>";
		};
		C2F0DE0C2765A703004DC51A = {
			isa = PBXGroup;
			children = (
				C2F0DE172765A703004DC51A /* Poops */,
				C2F0DE282765A704004DC51A /* PoopsTests */,
				C2F0DE322765A704004DC51A /* PoopsUITests */,
				C2F0DE162765A703004DC51A /* Products */,
				CF2A8B9E1F531B5D9D26A303 /* Pods */,
				ADF5DCC0CE7F6DE142109ADA /* Frameworks */,
			);
			sourceTree = "<group>";
		};
		C2F0DE162765A703004DC51A /* Products */ = {
			isa = PBXGroup;
			children = (
				C2F0DE152765A703004DC51A /* Poops.app */,
				C2F0DE252765A704004DC51A /* PoopsTests.xctest */,
				C2F0DE2F2765A704004DC51A /* PoopsUITests.xctest */,
			);
			name = Products;
			sourceTree = "<group>";
		};
		C2F0DE172765A703004DC51A /* Poops */ = {
			isa = PBXGroup;
			children = (
				C2F0DE182765A703004DC51A /* PoopsApp.swift */,
				C2F0DE1A2765A703004DC51A /* ContentView.swift */,
				C2F0DE1C2765A704004DC51A /* Assets.xcassets */,
				C2F0DE1E2765A704004DC51A /* Preview Content */,
			);
			path = Poops;
			sourceTree = "<group>";
		};
		C2F0DE1E2765A704004DC51A /* Preview Content */ = {
			isa = PBXGroup;
			children = (
				C2F0DE1F2765A704004DC51A /* Preview Assets.xcassets */,
			);
			path = "Preview Content";
			sourceTree = "<group>";
		};
		C2F0DE282765A704004DC51A /* PoopsTests */ = {
			isa = PBXGroup;
			children = (
				C2F0DE292765A704004DC51A /* PoopsTests.swift */,
			);
			path = PoopsTests;
			sourceTree = "<group>";
		};
		C2F0DE322765A704004DC51A /* PoopsUITests */ = {
			isa = PBXGroup;
			children = (
				C2F0DE332765A704004DC51A /* PoopsUITests.swift */,
				C2F0DE352765A704004DC51A /* PoopsUITestsLaunchTests.swift */,
			);
			path = PoopsUITests;
			sourceTree = "<group>";
		};
		CF2A8B9E1F531B5D9D26A303 /* Pods */ = {
			isa = PBXGroup;
			children = (
				DF85648C78ED0F07A4DD615F /* Pods-Poops.debug.xcconfig */,
				99E571762FD1782986850BD0 /* Pods-Poops.release.xcconfig */,
				6E253EE9753D14CB24FF0438 /* Pods-Poops-PoopsUITests.debug.xcconfig */,
				FCA33B3DED81060BD35D52A1 /* Pods-Poops-PoopsUITests.release.xcconfig */,
				A23887A899F9623E70C69B35 /* Pods-PoopsTests.debug.xcconfig */,
				844CF85F5882A1DF19F166C4 /* Pods-PoopsTests.release.xcconfig */,
			);
			name = Pods;
			path = Pods;
			sourceTree = "<group>";
		};
/* End PBXGroup section */

/* Begin PBXNativeTarget section */
		C2F0DE142765A703004DC51A /* Poops */ = {
			isa = PBXNativeTarget;
			buildConfigurationList = C2F0DE392765A704004DC51A /* Build configuration list for PBXNativeTarget "Poops" */;
			buildPhases = (
				FD6A8F9EEEFB8DE03EB40C7B /* [CP] Check Pods Manifest.lock */,
				C2F0DE112765A703004DC51A /* Sources */,
				C2F0DE122765A703004DC51A /* Frameworks */,
				C2F0DE132765A703004DC51A /* Resources */,
				3E2A24F64F52DD99F99CCDCD /* [CP] Embed Pods Frameworks */,
			);
			buildRules = (
			);
			dependencies = (
			);
			name = Poops;
			productName = Poops;
			productReference = C2F0DE152765A703004DC51A /* Poops.app */;
			productType = "com.apple.product-type.application";
		};
		C2F0DE242765A704004DC51A /* PoopsTests */ = {
			isa = PBXNativeTarget;
			buildConfigurationList = C2F0DE3C2765A704004DC51A /* Build configuration list for PBXNativeTarget "PoopsTests" */;
			buildPhases = (
				4194E15564252013E73482D3 /* [CP] Check Pods Manifest.lock */,
				C2F0DE212765A704004DC51A /* Sources */,
				C2F0DE222765A704004DC51A /* Frameworks */,
				C2F0DE232765A704004DC51A /* Resources */,
			);
			buildRules = (
			);
			dependencies = (
				C2F0DE272765A704004DC51A /* PBXTargetDependency */,
			);
			name = PoopsTests;
			productName = PoopsTests;
			productReference = C2F0DE252765A704004DC51A /* PoopsTests.xctest */;
			productType = "com.apple.product-type.bundle.unit-test";
		};
		C2F0DE2E2765A704004DC51A /* PoopsUITests */ = {
			isa = PBXNativeTarget;
			buildConfigurationList = C2F0DE3F2765A704004DC51A /* Build configuration list for PBXNativeTarget "PoopsUITests" */;
			buildPhases = (
				0346C39B626EAD45730EA65A /* [CP] Check Pods Manifest.lock */,
				C2F0DE2B2765A704004DC51A /* Sources */,
				C2F0DE2C2765A704004DC51A /* Frameworks */,
				C2F0DE2D2765A704004DC51A /* Resources */,
				F21D61549208AB223D5357D0 /* [CP] Embed Pods Frameworks */,
			);
			buildRules = (
			);
			dependencies = (
				C2F0DE312765A704004DC51A /* PBXTargetDependency */,
			);
			name = PoopsUITests;
			productName = PoopsUITests;
			productReference = C2F0DE2F2765A704004DC51A /* PoopsUITests.xctest */;
			productType = "com.apple.product-type.bundle.ui-testing";
		};
/* End PBXNativeTarget section */

/* Begin PBXProject section */
		C2F0DE0D2765A703004DC51A /* Project object */ = {
			isa = PBXProject;
			attributes = {
				BuildIndependentTargetsInParallel = 1;
				LastSwiftUpdateCheck = 1310;
				LastUpgradeCheck = 1310;
				TargetAttributes = {
					C2F0DE142765A703004DC51A = {
						CreatedOnToolsVersion = 13.1;
					};
					C2F0DE242765A704004DC51A = {
						CreatedOnToolsVersion = 13.1;
						TestTargetID = C2F0DE142765A703004DC51A;
					};
					C2F0DE2E2765A704004DC51A = {
						CreatedOnToolsVersion = 13.1;
						TestTargetID = C2F0DE142765A703004DC51A;
					};
				};
			};
			buildConfigurationList = C2F0DE102765A703004DC51A /* Build configuration list for PBXProject "Poops" */;
			compatibilityVersion = "Xcode 13.0";
			developmentRegion = en;
			hasScannedForEncodings = 0;
			knownRegions = (
				en,
				Base,
			);
			mainGroup = C2F0DE0C2765A703004DC51A;
			productRefGroup = C2F0DE162765A703004DC51A /* Products */;
			projectDirPath = "";
			projectRoot = "";
			targets = (
				C2F0DE142765A703004DC51A /* Poops */,
				C2F0DE242765A704004DC51A /* PoopsTests */,
				C2F0DE2E2765A704004DC51A /* PoopsUITests */,
			);
		};
/* End PBXProject section */

/* Begin PBXResourcesBuildPhase section */
		C2F0DE132765A703004DC51A /* Resources */ = {
			isa = PBXResourcesBuildPhase;
			buildActionMask = 2147483647;
			files = (
				C2F0DE202765A704004DC51A /* Preview Assets.xcassets in Resources */,
				C2F0DE1D2765A704004DC51A /* Assets.xcassets in Resources */,
			);
			runOnlyForDeploymentPostprocessing = 0;
		};
		C2F0DE232765A704004DC51A /* Resources */ = {
			isa = PBXResourcesBuildPhase;
			buildActionMask = 2147483647;
			files = (
			);
			runOnlyForDeploymentPostprocessing = 0;
		};
		C2F0DE2D2765A704004DC51A /* Resources */ = {
			isa = PBXResourcesBuildPhase;
			buildActionMask = 2147483647;
			files = (
			);
			runOnlyForDeploymentPostprocessing = 0;
		};
/* End PBXResourcesBuildPhase section */

/* Begin PBXShellScriptBuildPhase section */
		0346C39B626EAD45730EA65A /* [CP] Check Pods Manifest.lock */ = {
			isa = PBXShellScriptBuildPhase;
			buildActionMask = 2147483647;
			files = (
			);
			inputFileListPaths = (
			);
			inputPaths = (
				"${PODS_PODFILE_DIR_PATH}/Podfile.lock",
				"${PODS_ROOT}/Manifest.lock",
			);
			name = "[CP] Check Pods Manifest.lock";
			outputFileListPaths = (
			);
			outputPaths = (
				"$(DERIVED_FILE_DIR)/Pods-Poops-PoopsUITests-checkManifestLockResult.txt",
			);
			runOnlyForDeploymentPostprocessing = 0;
			shellPath = /bin/sh;
			shellScript = "diff \"${PODS_PODFILE_DIR_PATH}/Podfile.lock\" \"${PODS_ROOT}/Manifest.lock\" > /dev/null\nif [ $? != 0 ] ; then\n    # print error to STDERR\n    echo \"error: The sandbox is not in sync with the Podfile.lock. Run 'pod install' or update your CocoaPods installation.\" >&2\n    exit 1\nfi\n# This output is used by Xcode 'outputs' to avoid re-running this script phase.\necho \"SUCCESS\" > \"${SCRIPT_OUTPUT_FILE_0}\"\n";
			showEnvVarsInLog = 0;
		};
		3E2A24F64F52DD99F99CCDCD /* [CP] Embed Pods Frameworks */ = {
			isa = PBXShellScriptBuildPhase;
			buildActionMask = 2147483647;
			files = (
			);
			inputFileListPaths = (
				"${PODS_ROOT}/Target Support Files/Pods-Poops/Pods-Poops-frameworks-${CONFIGURATION}-input-files.xcfilelist",
			);
			name = "[CP] Embed Pods Frameworks";
			outputFileListPaths = (
				"${PODS_ROOT}/Target Support Files/Pods-Poops/Pods-Poops-frameworks-${CONFIGURATION}-output-files.xcfilelist",
			);
			runOnlyForDeploymentPostprocessing = 0;
			shellPath = /bin/sh;
			shellScript = "\"${PODS_ROOT}/Target Support Files/Pods-Poops/Pods-Poops-frameworks.sh\"\n";
			showEnvVarsInLog = 0;
		};
		4194E15564252013E73482D3 /* [CP] Check Pods Manifest.lock */ = {
			isa = PBXShellScriptBuildPhase;
			buildActionMask = 2147483647;
			files = (
			);
			inputFileListPaths = (
			);
			inputPaths = (
				"${PODS_PODFILE_DIR_PATH}/Podfile.lock",
				"${PODS_ROOT}/Manifest.lock",
			);
			name = "[CP] Check Pods Manifest.lock";
			outputFileListPaths = (
			);
			outputPaths = (
				"$(DERIVED_FILE_DIR)/Pods-PoopsTests-checkManifestLockResult.txt",
			);
			runOnlyForDeploymentPostprocessing = 0;
			shellPath = /bin/sh;
			shellScript = "diff \"${PODS_PODFILE_DIR_PATH}/Podfile.lock\" \"${PODS_ROOT}/Manifest.lock\" > /dev/null\nif [ $? != 0 ] ; then\n    # print error to STDERR\n    echo \"error: The sandbox is not in sync with the Podfile.lock. Run 'pod install' or update your CocoaPods installation.\" >&2\n    exit 1\nfi\n# This output is used by Xcode 'outputs' to avoid re-running this script phase.\necho \"SUCCESS\" > \"${SCRIPT_OUTPUT_FILE_0}\"\n";
			showEnvVarsInLog = 0;
		};
		F21D61549208AB223D5357D0 /* [CP] Embed Pods Frameworks */ = {
			isa = PBXShellScriptBuildPhase;
			buildActionMask = 2147483647;
			files = (
			);
			inputFileListPaths = (
				"${PODS_ROOT}/Target Support Files/Pods-Poops-PoopsUITests/Pods-Poops-PoopsUITests-frameworks-${CONFIGURATION}-input-files.xcfilelist",
			);
			name = "[CP] Embed Pods Frameworks";
			outputFileListPaths = (
				"${PODS_ROOT}/Target Support Files/Pods-Poops-PoopsUITests/Pods-Poops-PoopsUITests-frameworks-${CONFIGURATION}-output-files.xcfilelist",
			);
			runOnlyForDeploymentPostprocessing = 0;
			shellPath = /bin/sh;
			shellScript = "\"${PODS_ROOT}/Target Support Files/Pods-Poops-PoopsUITests/Pods-Poops-PoopsUITests-frameworks.sh\"\n";
			showEnvVarsInLog = 0;
		};
		FD6A8F9EEEFB8DE03EB40C7B /* [CP] Check Pods Manifest.lock */ = {
			isa = PBXShellScriptBuildPhase;
			buildActionMask = 2147483647;
			files = (
			);
			inputFileListPaths = (
			);
			inputPaths = (
				"${PODS_PODFILE_DIR_PATH}/Podfile.lock",
				"${PODS_ROOT}/Manifest.lock",
			);
			name = "[CP] Check Pods Manifest.lock";
			outputFileListPaths = (
			);
			outputPaths = (
				"$(DERIVED_FILE_DIR)/Pods-Poops-checkManifestLockResult.txt",
			);
			runOnlyForDeploymentPostprocessing = 0;
			shellPath = /bin/sh;
			shellScript = "diff \"${PODS_PODFILE_DIR_PATH}/Podfile.lock\" \"${PODS_ROOT}/Manifest.lock\" > /dev/null\nif [ $? != 0 ] ; then\n    # print error to STDERR\n    echo \"error: The sandbox is not in sync with the Podfile.lock. Run 'pod install' or update your CocoaPods installation.\" >&2\n    exit 1\nfi\n# This output is used by Xcode 'outputs' to avoid re-running this script phase.\necho \"SUCCESS\" > \"${SCRIPT_OUTPUT_FILE_0}\"\n";
			showEnvVarsInLog = 0;
		};
/* End PBXShellScriptBuildPhase section */

/* Begin PBXSourcesBuildPhase section */
		C2F0DE112765A703004DC51A /* Sources */ = {
			isa = PBXSourcesBuildPhase;
			buildActionMask = 2147483647;
			files = (
				C2F0DE1B2765A703004DC51A /* ContentView.swift in Sources */,
				C2F0DE192765A703004DC51A /* PoopsApp.swift in Sources */,
			);
			runOnlyForDeploymentPostprocessing = 0;
		};
		C2F0DE212765A704004DC51A /* Sources */ = {
			isa = PBXSourcesBuildPhase;
			buildActionMask = 2147483647;
			files = (
				C2F0DE2A2765A704004DC51A /* PoopsTests.swift in Sources */,
			);
			runOnlyForDeploymentPostprocessing = 0;
		};
		C2F0DE2B2765A704004DC51A /* Sources */ = {
			isa = PBXSourcesBuildPhase;
			buildActionMask = 2147483647;
			files = (
				C2F0DE362765A704004DC51A /* PoopsUITestsLaunchTests.swift in Sources */,
				C2F0DE342765A704004DC51A /* PoopsUITests.swift in Sources */,
			);
			runOnlyForDeploymentPostprocessing = 0;
		};
/* End PBXSourcesBuildPhase section */

/* Begin PBXTargetDependency section */
		C2F0DE272765A704004DC51A /* PBXTargetDependency */ = {
			isa = PBXTargetDependency;
			target = C2F0DE142765A703004DC51A /* Poops */;
			targetProxy = C2F0DE262765A704004DC51A /* PBXContainerItemProxy */;
		};
		C2F0DE312765A704004DC51A /* PBXTargetDependency */ = {
			isa = PBXTargetDependency;
			target = C2F0DE142765A703004DC51A /* Poops */;
			targetProxy = C2F0DE302765A704004DC51A /* PBXContainerItemProxy */;
		};
/* End PBXTargetDependency section */

/* Begin XCBuildConfiguration section */
		C2F0DE372765A704004DC51A /* Debug */ = {
			isa = XCBuildConfiguration;
			buildSettings = {
				ALWAYS_SEARCH_USER_PATHS = NO;
				CLANG_ANALYZER_NONNULL = YES;
				CLANG_ANALYZER_NUMBER_OBJECT_CONVERSION = YES_AGGRESSIVE;
				CLANG_CXX_LANGUAGE_STANDARD = "gnu++17";
				CLANG_CXX_LIBRARY = "libc++";
				CLANG_ENABLE_MODULES = YES;
				CLANG_ENABLE_OBJC_ARC = YES;
				CLANG_ENABLE_OBJC_WEAK = YES;
				CLANG_WARN_BLOCK_CAPTURE_AUTORELEASING = YES;
				CLANG_WARN_BOOL_CONVERSION = YES;
				CLANG_WARN_COMMA = YES;
				CLANG_WARN_CONSTANT_CONVERSION = YES;
				CLANG_WARN_DEPRECATED_OBJC_IMPLEMENTATIONS = YES;
				CLANG_WARN_DIRECT_OBJC_ISA_USAGE = YES_ERROR;
				CLANG_WARN_DOCUMENTATION_COMMENTS = YES;
				CLANG_WARN_EMPTY_BODY = YES;
				CLANG_WARN_ENUM_CONVERSION = YES;
				CLANG_WARN_INFINITE_RECURSION = YES;
				CLANG_WARN_INT_CONVERSION = YES;
				CLANG_WARN_NON_LITERAL_NULL_CONVERSION = YES;
				CLANG_WARN_OBJC_IMPLICIT_RETAIN_SELF = YES;
				CLANG_WARN_OBJC_LITERAL_CONVERSION = YES;
				CLANG_WARN_OBJC_ROOT_CLASS = YES_ERROR;
				CLANG_WARN_QUOTED_INCLUDE_IN_FRAMEWORK_HEADER = YES;
				CLANG_WARN_RANGE_LOOP_ANALYSIS = YES;
				CLANG_WARN_STRICT_PROTOTYPES = YES;
				CLANG_WARN_SUSPICIOUS_MOVE = YES;
				CLANG_WARN_UNGUARDED_AVAILABILITY = YES_AGGRESSIVE;
				CLANG_WARN_UNREACHABLE_CODE = YES;
				CLANG_WARN__DUPLICATE_METHOD_MATCH = YES;
				COPY_PHASE_STRIP = NO;
				DEBUG_INFORMATION_FORMAT = dwarf;
				ENABLE_STRICT_OBJC_MSGSEND = YES;
				ENABLE_TESTABILITY = YES;
				GCC_C_LANGUAGE_STANDARD = gnu11;
				GCC_DYNAMIC_NO_PIC = NO;
				GCC_NO_COMMON_BLOCKS = YES;
				GCC_OPTIMIZATION_LEVEL = 0;
				GCC_PREPROCESSOR_DEFINITIONS = (
					"DEBUG=1",
					"$(inherited)",
				);
				GCC_WARN_64_TO_32_BIT_CONVERSION = YES;
				GCC_WARN_ABOUT_RETURN_TYPE = YES_ERROR;
				GCC_WARN_UNDECLARED_SELECTOR = YES;
				GCC_WARN_UNINITIALIZED_AUTOS = YES_AGGRESSIVE;
				GCC_WARN_UNUSED_FUNCTION = YES;
				GCC_WARN_UNUSED_VARIABLE = YES;
				IPHONEOS_DEPLOYMENT_TARGET = 15.0;
				MTL_ENABLE_DEBUG_INFO = INCLUDE_SOURCE;
				MTL_FAST_MATH = YES;
				ONLY_ACTIVE_ARCH = YES;
				SDKROOT = iphoneos;
				SWIFT_ACTIVE_COMPILATION_CONDITIONS = DEBUG;
				SWIFT_OPTIMIZATION_LEVEL = "-Onone";
			};
			name = Debug;
		};
		C2F0DE382765A704004DC51A /* Release */ = {
			isa = XCBuildConfiguration;
			buildSettings = {
				ALWAYS_SEARCH_USER_PATHS = NO;
				CLANG_ANALYZER_NONNULL = YES;
				CLANG_ANALYZER_NUMBER_OBJECT_CONVERSION = YES_AGGRESSIVE;
				CLANG_CXX_LANGUAGE_STANDARD = "gnu++17";
				CLANG_CXX_LIBRARY = "libc++";
				CLANG_ENABLE_MODULES = YES;
				CLANG_ENABLE_OBJC_ARC = YES;
				CLANG_ENABLE_OBJC_WEAK = YES;
				CLANG_WARN_BLOCK_CAPTURE_AUTORELEASING = YES;
				CLANG_WARN_BOOL_CONVERSION = YES;
				CLANG_WARN_COMMA = YES;
				CLANG_WARN_CONSTANT_CONVERSION = YES;
				CLANG_WARN_DEPRECATED_OBJC_IMPLEMENTATIONS = YES;
				CLANG_WARN_DIRECT_OBJC_ISA_USAGE = YES_ERROR;
				CLANG_WARN_DOCUMENTATION_COMMENTS = YES;
				CLANG_WARN_EMPTY_BODY = YES;
				CLANG_WARN_ENUM_CONVERSION = YES;
				CLANG_WARN_INFINITE_RECURSION = YES;
				CLANG_WARN_INT_CONVERSION = YES;
				CLANG_WARN_NON_LITERAL_NULL_CONVERSION = YES;
				CLANG_WARN_OBJC_IMPLICIT_RETAIN_SELF = YES;
				CLANG_WARN_OBJC_LITERAL_CONVERSION = YES;
				CLANG_WARN_OBJC_ROOT_CLASS = YES_ERROR;
				CLANG_WARN_QUOTED_INCLUDE_IN_FRAMEWORK_HEADER = YES;
				CLANG_WARN_RANGE_LOOP_ANALYSIS = YES;
				CLANG_WARN_STRICT_PROTOTYPES = YES;
				CLANG_WARN_SUSPICIOUS_MOVE = YES;
				CLANG_WARN_UNGUARDED_AVAILABILITY = YES_AGGRESSIVE;
				CLANG_WARN_UNREACHABLE_CODE = YES;
				CLANG_WARN__DUPLICATE_METHOD_MATCH = YES;
				COPY_PHASE_STRIP = NO;
				DEBUG_INFORMATION_FORMAT = "dwarf-with-dsym";
				ENABLE_NS_ASSERTIONS = NO;
				ENABLE_STRICT_OBJC_MSGSEND = YES;
				GCC_C_LANGUAGE_STANDARD = gnu11;
				GCC_NO_COMMON_BLOCKS = YES;
				GCC_WARN_64_TO_32_BIT_CONVERSION = YES;
				GCC_WARN_ABOUT_RETURN_TYPE = YES_ERROR;
				GCC_WARN_UNDECLARED_SELECTOR = YES;
				GCC_WARN_UNINITIALIZED_AUTOS = YES_AGGRESSIVE;
				GCC_WARN_UNUSED_FUNCTION = YES;
				GCC_WARN_UNUSED_VARIABLE = YES;
				IPHONEOS_DEPLOYMENT_TARGET = 15.0;
				MTL_ENABLE_DEBUG_INFO = NO;
				MTL_FAST_MATH = YES;
				SDKROOT = iphoneos;
				SWIFT_COMPILATION_MODE = wholemodule;
				SWIFT_OPTIMIZATION_LEVEL = "-O";
				VALIDATE_PRODUCT = YES;
			};
			name = Release;
		};
		C2F0DE3A2765A704004DC51A /* Debug */ = {
			isa = XCBuildConfiguration;
			baseConfigurationReference = DF85648C78ED0F07A4DD615F /* Pods-Poops.debug.xcconfig */;
			buildSettings = {
				ASSETCATALOG_COMPILER_APPICON_NAME = AppIcon;
				ASSETCATALOG_COMPILER_GLOBAL_ACCENT_COLOR_NAME = AccentColor;
				CODE_SIGN_STYLE = Automatic;
				CURRENT_PROJECT_VERSION = 1;
				DEVELOPMENT_ASSET_PATHS = "\"Poops/Preview Content\"";
				DEVELOPMENT_TEAM = 76222M8V56;
				ENABLE_PREVIEWS = YES;
				GENERATE_INFOPLIST_FILE = YES;
				INFOPLIST_KEY_UIApplicationSceneManifest_Generation = YES;
				INFOPLIST_KEY_UIApplicationSupportsIndirectInputEvents = YES;
				INFOPLIST_KEY_UILaunchScreen_Generation = YES;
				INFOPLIST_KEY_UISupportedInterfaceOrientations_iPad = "UIInterfaceOrientationPortrait UIInterfaceOrientationPortraitUpsideDown UIInterfaceOrientationLandscapeLeft UIInterfaceOrientationLandscapeRight";
				INFOPLIST_KEY_UISupportedInterfaceOrientations_iPhone = "UIInterfaceOrientationPortrait UIInterfaceOrientationLandscapeLeft UIInterfaceOrientationLandscapeRight";
				LD_RUNPATH_SEARCH_PATHS = (
					"$(inherited)",
					"@executable_path/Frameworks",
				);
				MARKETING_VERSION = 1.0;
				PRODUCT_BUNDLE_IDENTIFIER = howme.sweet.Poops;
				PRODUCT_NAME = "$(TARGET_NAME)";
				SWIFT_EMIT_LOC_STRINGS = YES;
				SWIFT_VERSION = 5.0;
				TARGETED_DEVICE_FAMILY = "1,2";
			};
			name = Debug;
		};
		C2F0DE3B2765A704004DC51A /* Release */ = {
			isa = XCBuildConfiguration;
			baseConfigurationReference = 99E571762FD1782986850BD0 /* Pods-Poops.release.xcconfig */;
			buildSettings = {
				ASSETCATALOG_COMPILER_APPICON_NAME = AppIcon;
				ASSETCATALOG_COMPILER_GLOBAL_ACCENT_COLOR_NAME = AccentColor;
				CODE_SIGN_STYLE = Automatic;
				CURRENT_PROJECT_VERSION = 1;
				DEVELOPMENT_ASSET_PATHS = "\"Poops/Preview Content\"";
				DEVELOPMENT_TEAM = 76222M8V56;
				ENABLE_PREVIEWS = YES;
				GENERATE_INFOPLIST_FILE = YES;
				INFOPLIST_KEY_UIApplicationSceneManifest_Generation = YES;
				INFOPLIST_KEY_UIApplicationSupportsIndirectInputEvents = YES;
				INFOPLIST_KEY_UILaunchScreen_Generation = YES;
				INFOPLIST_KEY_UISupportedInterfaceOrientations_iPad = "UIInterfaceOrientationPortrait UIInterfaceOrientationPortraitUpsideDown UIInterfaceOrientationLandscapeLeft UIInterfaceOrientationLandscapeRight";
				INFOPLIST_KEY_UISupportedInterfaceOrientations_iPhone = "UIInterfaceOrientationPortrait UIInterfaceOrientationLandscapeLeft UIInterfaceOrientationLandscapeRight";
				LD_RUNPATH_SEARCH_PATHS = (
					"$(inherited)",
					"@executable_path/Frameworks",
				);
				MARKETING_VERSION = 1.0;
				PRODUCT_BUNDLE_IDENTIFIER = howme.sweet.Poops;
				PRODUCT_NAME = "$(TARGET_NAME)";
				SWIFT_EMIT_LOC_STRINGS = YES;
				SWIFT_VERSION = 5.0;
				TARGETED_DEVICE_FAMILY = "1,2";
			};
			name = Release;
		};
		C2F0DE3D2765A704004DC51A /* Debug */ = {
			isa = XCBuildConfiguration;
			baseConfigurationReference = A23887A899F9623E70C69B35 /* Pods-PoopsTests.debug.xcconfig */;
			buildSettings = {
				ALWAYS_EMBED_SWIFT_STANDARD_LIBRARIES = YES;
				BUNDLE_LOADER = "$(TEST_HOST)";
				CODE_SIGN_STYLE = Automatic;
				CURRENT_PROJECT_VERSION = 1;
				DEVELOPMENT_TEAM = 76222M8V56;
				GENERATE_INFOPLIST_FILE = YES;
				IPHONEOS_DEPLOYMENT_TARGET = 15.0;
				LD_RUNPATH_SEARCH_PATHS = (
					"$(inherited)",
					"@executable_path/Frameworks",
					"@loader_path/Frameworks",
				);
				MARKETING_VERSION = 1.0;
				PRODUCT_BUNDLE_IDENTIFIER = howme.sweet.PoopsTests;
				PRODUCT_NAME = "$(TARGET_NAME)";
				SWIFT_EMIT_LOC_STRINGS = NO;
				SWIFT_VERSION = 5.0;
				TARGETED_DEVICE_FAMILY = "1,2";
				TEST_HOST = "$(BUILT_PRODUCTS_DIR)/Poops.app/Poops";
			};
			name = Debug;
		};
		C2F0DE3E2765A704004DC51A /* Release */ = {
			isa = XCBuildConfiguration;
			baseConfigurationReference = 844CF85F5882A1DF19F166C4 /* Pods-PoopsTests.release.xcconfig */;
			buildSettings = {
				ALWAYS_EMBED_SWIFT_STANDARD_LIBRARIES = YES;
				BUNDLE_LOADER = "$(TEST_HOST)";
				CODE_SIGN_STYLE = Automatic;
				CURRENT_PROJECT_VERSION = 1;
				DEVELOPMENT_TEAM = 76222M8V56;
				GENERATE_INFOPLIST_FILE = YES;
				IPHONEOS_DEPLOYMENT_TARGET = 15.0;
				LD_RUNPATH_SEARCH_PATHS = (
					"$(inherited)",
					"@executable_path/Frameworks",
					"@loader_path/Frameworks",
				);
				MARKETING_VERSION = 1.0;
				PRODUCT_BUNDLE_IDENTIFIER = howme.sweet.PoopsTests;
				PRODUCT_NAME = "$(TARGET_NAME)";
				SWIFT_EMIT_LOC_STRINGS = NO;
				SWIFT_VERSION = 5.0;
				TARGETED_DEVICE_FAMILY = "1,2";
				TEST_HOST = "$(BUILT_PRODUCTS_DIR)/Poops.app/Poops";
			};
			name = Release;
		};
		C2F0DE402765A704004DC51A /* Debug */ = {
			isa = XCBuildConfiguration;
			baseConfigurationReference = 6E253EE9753D14CB24FF0438 /* Pods-Poops-PoopsUITests.debug.xcconfig */;
			buildSettings = {
				ALWAYS_EMBED_SWIFT_STANDARD_LIBRARIES = YES;
				CODE_SIGN_STYLE = Automatic;
				CURRENT_PROJECT_VERSION = 1;
				DEVELOPMENT_TEAM = 76222M8V56;
				GENERATE_INFOPLIST_FILE = YES;
				LD_RUNPATH_SEARCH_PATHS = (
					"$(inherited)",
					"@executable_path/Frameworks",
					"@loader_path/Frameworks",
				);
				MARKETING_VERSION = 1.0;
				PRODUCT_BUNDLE_IDENTIFIER = howme.sweet.PoopsUITests;
				PRODUCT_NAME = "$(TARGET_NAME)";
				SWIFT_EMIT_LOC_STRINGS = NO;
				SWIFT_VERSION = 5.0;
				TARGETED_DEVICE_FAMILY = "1,2";
				TEST_TARGET_NAME = Poops;
			};
			name = Debug;
		};
		C2F0DE412765A704004DC51A /* Release */ = {
			isa = XCBuildConfiguration;
			baseConfigurationReference = FCA33B3DED81060BD35D52A1 /* Pods-Poops-PoopsUITests.release.xcconfig */;
			buildSettings = {
				ALWAYS_EMBED_SWIFT_STANDARD_LIBRARIES = YES;
				CODE_SIGN_STYLE = Automatic;
				CURRENT_PROJECT_VERSION = 1;
				DEVELOPMENT_TEAM = 76222M8V56;
				GENERATE_INFOPLIST_FILE = YES;
				LD_RUNPATH_SEARCH_PATHS = (
					"$(inherited)",
					"@executable_path/Frameworks",
					"@loader_path/Frameworks",
				);
				MARKETING_VERSION = 1.0;
				PRODUCT_BUNDLE_IDENTIFIER = howme.sweet.PoopsUITests;
				PRODUCT_NAME = "$(TARGET_NAME)";
				SWIFT_EMIT_LOC_STRINGS = NO;
				SWIFT_VERSION = 5.0;
				TARGETED_DEVICE_FAMILY = "1,2";
				TEST_TARGET_NAME = Poops;
			};
			name = Release;
		};
/* End XCBuildConfiguration section */

/* Begin XCConfigurationList section */
		C2F0DE102765A703004DC51A /* Build configuration list for PBXProject "Poops" */ = {
			isa = XCConfigurationList;
			buildConfigurations = (
				C2F0DE372765A704004DC51A /* Debug */,
				C2F0DE382765A704004DC51A /* Release */,
			);
			defaultConfigurationIsVisible = 0;
			defaultConfigurationName = Release;
		};
		C2F0DE392765A704004DC51A /* Build configuration list for PBXNativeTarget "Poops" */ = {
			isa = XCConfigurationList;
			buildConfigurations = (
				C2F0DE3A2765A704004DC51A /* Debug */,
				C2F0DE3B2765A704004DC51A /* Release */,
			);
			defaultConfigurationIsVisible = 0;
			defaultConfigurationName = Release;
		};
		C2F0DE3C2765A704004DC51A /* Build configuration list for PBXNativeTarget "PoopsTests" */ = {
			isa = XCConfigurationList;
			buildConfigurations = (
				C2F0DE3D2765A704004DC51A /* Debug */,
				C2F0DE3E2765A704004DC51A /* Release */,
			);
			defaultConfigurationIsVisible = 0;
			defaultConfigurationName = Release;
		};
		C2F0DE3F2765A704004DC51A /* Build configuration list for PBXNativeTarget "PoopsUITests" */ = {
			isa = XCConfigurationList;
			buildConfigurations = (
				C2F0DE402765A704004DC51A /* Debug */,
				C2F0DE412765A704004DC51A /* Release */,
			);
			defaultConfigurationIsVisible = 0;
			defaultConfigurationName = Release;
		};
/* End XCConfigurationList section */
	};
	rootObject = C2F0DE0D2765A703004DC51A /* Project object */;
}
